
Microsoft Visual Studio Solution File, Format Version 12.00
# Visual Studio Version 16
VisualStudioVersion = 16.0.30320.27
MinimumVisualStudioVersion = 10.0.40219.1
Project("{9A19103F-16F7-4668-BE54-9A1E7A4F7556}") = "CheeDBSE", "CheeDBSE\CheeDBSE.csproj", "{A6B4380C-DA07-4059-9904-9729F4561317}"
EndProject
Global
	GlobalSection(SolutionConfigurationPlatforms) = preSolution
		Debug|Any CPU = Debug|Any CPU
		Release|Any CPU = Release|Any CPU
	EndGlobalSection
	GlobalSection(ProjectConfigurationPlatforms) = postSolution
		{A6B4380C-DA07-4059-9904-9729F4561317}.Debug|Any CPU.ActiveCfg = Debug|Any CPU
		{A6B4380C-DA07-4059-9904-9729F4561317}.Debug|Any CPU.Build.0 = Debug|Any CPU
		{A6B4380C-DA07-4059-9904-9729F4561317}.Release|Any CPU.ActiveCfg = Release|Any CPU
		{A6B4380C-DA07-4059-9904-9729F4561317}.Release|Any CPU.Build.0 = Release|Any CPU
	EndGlobalSection
	GlobalSection(SolutionProperties) = preSolution
		HideSolutionNode = FALSE
	EndGlobalSection
	GlobalSection(ExtensibilityGlobals) = postSolution
		SolutionGuid = {09AC6C1D-8684-4FC9-BFA5-D958BE58C219}
	EndGlobalSection
EndGlobal
